
Microsoft Visual Studio Solution File, Format Version 12.00
# Visual Studio 2013
VisualStudioVersion = 12.0.30110.0
MinimumVisualStudioVersion = 10.0.40219.1
Project("{FAE04EC0-301F-11D3-BF4B-00C04F79EFBC}") = "MvcCastleIntegration", "MvcCastleIntegration\MvcCastleIntegration.csproj", "{27860B99-8335-40A6-A667-A93FC4E0CBDB}"
EndProject
Project("{2150E333-8FDC-42A3-9474-1A3956D46DE8}") = ".nuget", ".nuget", "{4264F9DC-AC2D-401A-BCC2-C682F4E99A19}"
	ProjectSection(SolutionItems) = preProject
		.nuget\NuGet.Config = .nuget\NuGet.Config
		.nuget\NuGet.exe = .nuget\NuGet.exe
		.nuget\NuGet.targets = .nuget\NuGet.targets
	EndProjectSection
EndProject
Global
	GlobalSection(SolutionConfigurationPlatforms) = preSolution
		Debug|Any CPU = Debug|Any CPU
		Release|Any CPU = Release|Any CPU
	EndGlobalSection
	GlobalSection(ProjectConfigurationPlatforms) = postSolution
		{27860B99-8335-40A6-A667-A93FC4E0CBDB}.Debug|Any CPU.ActiveCfg = Debug|Any CPU
		{27860B99-8335-40A6-A667-A93FC4E0CBDB}.Debug|Any CPU.Build.0 = Debug|Any CPU
		{27860B99-8335-40A6-A667-A93FC4E0CBDB}.Release|Any CPU.ActiveCfg = Release|Any CPU
		{27860B99-8335-40A6-A667-A93FC4E0CBDB}.Release|Any CPU.Build.0 = Release|Any CPU
	EndGlobalSection
	GlobalSection(SolutionProperties) = preSolution
		HideSolutionNode = FALSE
	EndGlobalSection
EndGlobal
